
Microsoft Visual Studio Solution File, Format Version 12.00
# Visual Studio 14
VisualStudioVersion = 14.0.25420.1
MinimumVisualStudioVersion = 10.0.40219.1
Project("{2150E333-8FDC-42A3-9474-1A3956D46DE8}") = "src", "src", "{AE121A79-EC6A-4265-897D-0B28CC197855}"
EndProject
Project("{2150E333-8FDC-42A3-9474-1A3956D46DE8}") = "Solution Items", "Solution Items", "{EEAD45B3-FC7F-4928-A491-B3C72812DE37}"
	ProjectSection(SolutionItems) = preProject
		global.json = global.json
	EndProjectSection
EndProject
Project("{2150E333-8FDC-42A3-9474-1A3956D46DE8}") = "examples", "examples", "{EB8DE0F2-73B3-4774-B669-C68BD2161C98}"
EndProject
Project("{2150E333-8FDC-42A3-9474-1A3956D46DE8}") = "test", "test", "{325EAE0D-EAB4-45B5-91C7-13BD9F903448}"
EndProject
Project("{8BB2217D-0F2D-49D1-97BC-3654ED321F3B}") = "WireUpHost", "examples\WireUpHost\WireUpHost.xproj", "{BCD641E5-9F18-4280-B5CB-184B9AB7AF9B}"
EndProject
Project("{8BB2217D-0F2D-49D1-97BC-3654ED321F3B}") = "WireUp", "src\WireUp\WireUp.xproj", "{B290AAAB-3E0F-45B5-B1F4-23648B91FF2D}"
EndProject
Project("{8BB2217D-0F2D-49D1-97BC-3654ED321F3B}") = "WireUp.Http", "src\WireUp.Http\WireUp.Http.xproj", "{B6BF0552-C7BC-4DCC-9167-D0A82BB1B88B}"
EndProject
Project("{8BB2217D-0F2D-49D1-97BC-3654ED321F3B}") = "WireUpHttp.Test", "test\WireUpHttp.Test\WireUpHttp.Test.xproj", "{40E43BA0-2FA6-4BAA-9BBB-0B03450889C1}"
EndProject
Project("{8BB2217D-0F2D-49D1-97BC-3654ED321F3B}") = "WireUp.Test", "test\WireUp.Test\WireUp.Test.xproj", "{4CDC5720-00FE-4AB3-9894-0676FCCE5CAA}"
EndProject
Project("{8BB2217D-0F2D-49D1-97BC-3654ED321F3B}") = "WireUp.RabbitMQ", "src\WireUp.RabbitMQ\WireUp.RabbitMQ.xproj", "{5057552A-F70E-4D0E-924A-E5BD5D9C9DBD}"
EndProject
Global
	GlobalSection(SolutionConfigurationPlatforms) = preSolution
		Debug|Any CPU = Debug|Any CPU
		Release|Any CPU = Release|Any CPU
	EndGlobalSection
	GlobalSection(ProjectConfigurationPlatforms) = postSolution
		{BCD641E5-9F18-4280-B5CB-184B9AB7AF9B}.Debug|Any CPU.ActiveCfg = Debug|Any CPU
		{BCD641E5-9F18-4280-B5CB-184B9AB7AF9B}.Debug|Any CPU.Build.0 = Debug|Any CPU
		{BCD641E5-9F18-4280-B5CB-184B9AB7AF9B}.Release|Any CPU.ActiveCfg = Release|Any CPU
		{BCD641E5-9F18-4280-B5CB-184B9AB7AF9B}.Release|Any CPU.Build.0 = Release|Any CPU
		{B290AAAB-3E0F-45B5-B1F4-23648B91FF2D}.Debug|Any CPU.ActiveCfg = Debug|Any CPU
		{B290AAAB-3E0F-45B5-B1F4-23648B91FF2D}.Debug|Any CPU.Build.0 = Debug|Any CPU
		{B290AAAB-3E0F-45B5-B1F4-23648B91FF2D}.Release|Any CPU.ActiveCfg = Release|Any CPU
		{B290AAAB-3E0F-45B5-B1F4-23648B91FF2D}.Release|Any CPU.Build.0 = Release|Any CPU
		{B6BF0552-C7BC-4DCC-9167-D0A82BB1B88B}.Debug|Any CPU.ActiveCfg = Debug|Any CPU
		{B6BF0552-C7BC-4DCC-9167-D0A82BB1B88B}.Debug|Any CPU.Build.0 = Debug|Any CPU
		{B6BF0552-C7BC-4DCC-9167-D0A82BB1B88B}.Release|Any CPU.ActiveCfg = Release|Any CPU
		{B6BF0552-C7BC-4DCC-9167-D0A82BB1B88B}.Release|Any CPU.Build.0 = Release|Any CPU
		{40E43BA0-2FA6-4BAA-9BBB-0B03450889C1}.Debug|Any CPU.ActiveCfg = Debug|Any CPU
		{40E43BA0-2FA6-4BAA-9BBB-0B03450889C1}.Debug|Any CPU.Build.0 = Debug|Any CPU
		{40E43BA0-2FA6-4BAA-9BBB-0B03450889C1}.Release|Any CPU.ActiveCfg = Release|Any CPU
		{40E43BA0-2FA6-4BAA-9BBB-0B03450889C1}.Release|Any CPU.Build.0 = Release|Any CPU
		{4CDC5720-00FE-4AB3-9894-0676FCCE5CAA}.Debug|Any CPU.ActiveCfg = Debug|Any CPU
		{4CDC5720-00FE-4AB3-9894-0676FCCE5CAA}.Debug|Any CPU.Build.0 = Debug|Any CPU
		{4CDC5720-00FE-4AB3-9894-0676FCCE5CAA}.Release|Any CPU.ActiveCfg = Release|Any CPU
		{4CDC5720-00FE-4AB3-9894-0676FCCE5CAA}.Release|Any CPU.Build.0 = Release|Any CPU
		{5057552A-F70E-4D0E-924A-E5BD5D9C9DBD}.Debug|Any CPU.ActiveCfg = Debug|Any CPU
		{5057552A-F70E-4D0E-924A-E5BD5D9C9DBD}.Debug|Any CPU.Build.0 = Debug|Any CPU
		{5057552A-F70E-4D0E-924A-E5BD5D9C9DBD}.Release|Any CPU.ActiveCfg = Release|Any CPU
		{5057552A-F70E-4D0E-924A-E5BD5D9C9DBD}.Release|Any CPU.Build.0 = Release|Any CPU
	EndGlobalSection
	GlobalSection(SolutionProperties) = preSolution
		HideSolutionNode = FALSE
	EndGlobalSection
	GlobalSection(NestedProjects) = preSolution
		{BCD641E5-9F18-4280-B5CB-184B9AB7AF9B} = {EB8DE0F2-73B3-4774-B669-C68BD2161C98}
		{B290AAAB-3E0F-45B5-B1F4-23648B91FF2D} = {AE121A79-EC6A-4265-897D-0B28CC197855}
		{B6BF0552-C7BC-4DCC-9167-D0A82BB1B88B} = {AE121A79-EC6A-4265-897D-0B28CC197855}
		{40E43BA0-2FA6-4BAA-9BBB-0B03450889C1} = {325EAE0D-EAB4-45B5-91C7-13BD9F903448}
		{4CDC5720-00FE-4AB3-9894-0676FCCE5CAA} = {325EAE0D-EAB4-45B5-91C7-13BD9F903448}
		{5057552A-F70E-4D0E-924A-E5BD5D9C9DBD} = {AE121A79-EC6A-4265-897D-0B28CC197855}
	EndGlobalSection
EndGlobal
